// !$*UTF8*$!
{
	archiveVersion = 1;
	classes = {
	};
	objectVersion = 46;
	objects = {

/* Begin PBXBuildFile section */
		3BE3CD911BDB17AC00541B68 /* AppDelegate.swift in Sources */ = {isa = PBXBuildFile; fileRef = 3BE3CD901BDB17AC00541B68 /* AppDelegate.swift */; };
		3BE3CD931BDB17AC00541B68 /* ViewController.swift in Sources */ = {isa = PBXBuildFile; fileRef = 3BE3CD921BDB17AC00541B68 /* ViewController.swift */; };
		3BE3CD961BDB17AE00541B68 /* Main.storyboard in Resources */ = {isa = PBXBuildFile; fileRef = 3BE3CD941BDB17AE00541B68 /* Main.storyboard */; };
		3BE3CD981BDB17AE00541B68 /* Assets.xcassets in Resources */ = {isa = PBXBuildFile; fileRef = 3BE3CD971BDB17AE00541B68 /* Assets.xcassets */; };
		3BE3CD9B1BDB17AE00541B68 /* LaunchScreen.storyboard in Resources */ = {isa = PBXBuildFile; fileRef = 3BE3CD991BDB17AE00541B68 /* LaunchScreen.storyboard */; };
		3BE3CDA61BDB17B200541B68 /* FacebookMatchingFriendsSwiftTests.swift in Sources */ = {isa = PBXBuildFile; fileRef = 3BE3CDA51BDB17B200541B68 /* FacebookMatchingFriendsSwiftTests.swift */; };
		3BE3CDB11BDB17B600541B68 /* FacebookMatchingFriendsSwiftUITests.swift in Sources */ = {isa = PBXBuildFile; fileRef = 3BE3CDB01BDB17B500541B68 /* FacebookMatchingFriendsSwiftUITests.swift */; };
		3BE3CDC21BDB1B6900541B68 /* FBSDKCoreKit.framework in Frameworks */ = {isa = PBXBuildFile; fileRef = 3BE3CDBF1BDB1B6900541B68 /* FBSDKCoreKit.framework */; };
		3BE3CDC31BDB1B6900541B68 /* FBSDKLoginKit.framework in Frameworks */ = {isa = PBXBuildFile; fileRef = 3BE3CDC01BDB1B6900541B68 /* FBSDKLoginKit.framework */; };
		3BE3CDC41BDB1B6900541B68 /* FBSDKShareKit.framework in Frameworks */ = {isa = PBXBuildFile; fileRef = 3BE3CDC11BDB1B6900541B68 /* FBSDKShareKit.framework */; };
/* End PBXBuildFile section */

/* Begin PBXContainerItemProxy section */
		3BE3CDA21BDB17B200541B68 /* PBXContainerItemProxy */ = {
			isa = PBXContainerItemProxy;
			containerPortal = 3BE3CD851BDB17A900541B68 /* Project object */;
			proxyType = 1;
			remoteGlobalIDString = 3BE3CD8C1BDB17AA00541B68;
			remoteInfo = FacebookMatchingFriendsSwift;
		};
		3BE3CDAD1BDB17B200541B68 /* PBXContainerItemProxy */ = {
			isa = PBXContainerItemProxy;
			containerPortal = 3BE3CD851BDB17A900541B68 /* Project object */;
			proxyType = 1;
			remoteGlobalIDString = 3BE3CD8C1BDB17AA00541B68;
			remoteInfo = FacebookMatchingFriendsSwift;
		};
/* End PBXContainerItemProxy section */

/* Begin PBXFileReference section */
		3BE3CD8D1BDB17AB00541B68 /* FacebookMatchingFriendsSwift.app */ = {isa = PBXFileReference; explicitFileType = wrapper.application; includeInIndex = 0; path = FacebookMatchingFriendsSwift.app; sourceTree = BUILT_PRODUCTS_DIR; };
		3BE3CD901BDB17AC00541B68 /* AppDelegate.swift */ = {isa = PBXFileReference; lastKnownFileType = sourcecode.swift; path = AppDelegate.swift; sourceTree = "<group>"; };
		3BE3CD921BDB17AC00541B68 /* ViewController.swift */ = {isa = PBXFileReference; lastKnownFileType = sourcecode.swift; path = ViewController.swift; sourceTree = "<group>"; };
		3BE3CD951BDB17AE00541B68 /* Base */ = {isa = PBXFileReference; lastKnownFileType = file.storyboard; name = Base; path = Base.lproj/Main.storyboard; sourceTree = "<group>"; };
		3BE3CD971BDB17AE00541B68 /* Assets.xcassets */ = {isa = PBXFileReference; lastKnownFileType = folder.assetcatalog; path = Assets.xcassets; sourceTree = "<group>"; };
		3BE3CD9A1BDB17AE00541B68 /* Base */ = {isa = PBXFileReference; lastKnownFileType = file.storyboard; name = Base; path = Base.lproj/LaunchScreen.storyboard; sourceTree = "<group>"; };
		3BE3CD9C1BDB17AE00541B68 /* Info.plist */ = {isa = PBXFileReference; lastKnownFileType = text.plist.xml; path = Info.plist; sourceTree = "<group>"; };
		3BE3CDA11BDB17B200541B68 /* FacebookMatchingFriendsSwiftTests.xctest */ = {isa = PBXFileReference; explicitFileType = wrapper.cfbundle; includeInIndex = 0; path = FacebookMatchingFriendsSwiftTests.xctest; sourceTree = BUILT_PRODUCTS_DIR; };
		3BE3CDA51BDB17B200541B68 /* FacebookMatchingFriendsSwiftTests.swift */ = {isa = PBXFileReference; lastKnownFileType = sourcecode.swift; path = FacebookMatchingFriendsSwiftTests.swift; sourceTree = "<group>"; };
		3BE3CDA71BDB17B200541B68 /* Info.plist */ = {isa = PBXFileReference; lastKnownFileType = text.plist.xml; path = Info.plist; sourceTree = "<group>"; };
		3BE3CDAC1BDB17B200541B68 /* FacebookMatchingFriendsSwiftUITests.xctest */ = {isa = PBXFileReference; explicitFileType = wrapper.cfbundle; includeInIndex = 0; path = FacebookMatchingFriendsSwiftUITests.xctest; sourceTree = BUILT_PRODUCTS_DIR; };
		3BE3CDB01BDB17B500541B68 /* FacebookMatchingFriendsSwiftUITests.swift */ = {isa = PBXFileReference; lastKnownFileType = sourcecode.swift; path = FacebookMatchingFriendsSwiftUITests.swift; sourceTree = "<group>"; };
		3BE3CDB21BDB17B600541B68 /* Info.plist */ = {isa = PBXFileReference; lastKnownFileType = text.plist.xml; path = Info.plist; sourceTree = "<group>"; };
		3BE3CDBF1BDB1B6900541B68 /* FBSDKCoreKit.framework */ = {isa = PBXFileReference; lastKnownFileType = wrapper.framework; path = FBSDKCoreKit.framework; sourceTree = "<group>"; };
		3BE3CDC01BDB1B6900541B68 /* FBSDKLoginKit.framework */ = {isa = PBXFileReference; lastKnownFileType = wrapper.framework; path = FBSDKLoginKit.framework; sourceTree = "<group>"; };
		3BE3CDC11BDB1B6900541B68 /* FBSDKShareKit.framework */ = {isa = PBXFileReference; lastKnownFileType = wrapper.framework; path = FBSDKShareKit.framework; sourceTree = "<group>"; };
/* End PBXFileReference section */

/* Begin PBXFrameworksBuildPhase section */
		3BE3CD8A1BDB17AA00541B68 /* Frameworks */ = {
			isa = PBXFrameworksBuildPhase;
			buildActionMask = 2147483647;
			files = (
				3BE3CDC31BDB1B6900541B68 /* FBSDKLoginKit.framework in Frameworks */,
				3BE3CDC21BDB1B6900541B68 /* FBSDKCoreKit.framework in Frameworks */,
				3BE3CDC41BDB1B6900541B68 /* FBSDKShareKit.framework in Frameworks */,
			);
			runOnlyForDeploymentPostprocessing = 0;
		};
		3BE3CD9E1BDB17B200541B68 /* Frameworks */ = {
			isa = PBXFrameworksBuildPhase;
			buildActionMask = 2147483647;
			files = (
			);
			runOnlyForDeploymentPostprocessing = 0;
		};
		3BE3CDA91BDB17B200541B68 /* Frameworks */ = {
			isa = PBXFrameworksBuildPhase;
			buildActionMask = 2147483647;
			files = (
			);
			runOnlyForDeploymentPostprocessing = 0;
		};
/* End PBXFrameworksBuildPhase section */

/* Begin PBXGroup section */
		3BE3CD841BDB17A800541B68 = {
			isa = PBXGroup;
			children = (
				3BE3CDBE1BDB1B3300541B68 /* Frameworks */,
				3BE3CD8F1BDB17AC00541B68 /* FacebookMatchingFriendsSwift */,
				3BE3CDA41BDB17B200541B68 /* FacebookMatchingFriendsSwiftTests */,
				3BE3CDAF1BDB17B400541B68 /* FacebookMatchingFriendsSwiftUITests */,
				3BE3CD8E1BDB17AB00541B68 /* Products */,
			);
			sourceTree = "<group>";
		};
		3BE3CD8E1BDB17AB00541B68 /* Products */ = {
			isa = PBXGroup;
			children = (
				3BE3CD8D1BDB17AB00541B68 /* FacebookMatchingFriendsSwift.app */,
				3BE3CDA11BDB17B200541B68 /* FacebookMatchingFriendsSwiftTests.xctest */,
				3BE3CDAC1BDB17B200541B68 /* FacebookMatchingFriendsSwiftUITests.xctest */,
			);
			name = Products;
			sourceTree = "<group>";
		};
		3BE3CD8F1BDB17AC00541B68 /* FacebookMatchingFriendsSwift */ = {
			isa = PBXGroup;
			children = (
				3BE3CD901BDB17AC00541B68 /* AppDelegate.swift */,
				3BE3CD921BDB17AC00541B68 /* ViewController.swift */,
				3BE3CD941BDB17AE00541B68 /* Main.storyboard */,
				3BE3CD971BDB17AE00541B68 /* Assets.xcassets */,
				3BE3CD991BDB17AE00541B68 /* LaunchScreen.storyboard */,
				3BE3CD9C1BDB17AE00541B68 /* Info.plist */,
			);
			path = FacebookMatchingFriendsSwift;
			sourceTree = "<group>";
		};
		3BE3CDA41BDB17B200541B68 /* FacebookMatchingFriendsSwiftTests */ = {
			isa = PBXGroup;
			children = (
				3BE3CDA51BDB17B200541B68 /* FacebookMatchingFriendsSwiftTests.swift */,
				3BE3CDA71BDB17B200541B68 /* Info.plist */,
			);
			path = FacebookMatchingFriendsSwiftTests;
			sourceTree = "<group>";
		};
		3BE3CDAF1BDB17B400541B68 /* FacebookMatchingFriendsSwiftUITests */ = {
			isa = PBXGroup;
			children = (
				3BE3CDB01BDB17B500541B68 /* FacebookMatchingFriendsSwiftUITests.swift */,
				3BE3CDB21BDB17B600541B68 /* Info.plist */,
			);
			path = FacebookMatchingFriendsSwiftUITests;
			sourceTree = "<group>";
		};
		3BE3CDBE1BDB1B3300541B68 /* Frameworks */ = {
			isa = PBXGroup;
			children = (
				3BE3CDBF1BDB1B6900541B68 /* FBSDKCoreKit.framework */,
				3BE3CDC01BDB1B6900541B68 /* FBSDKLoginKit.framework */,
				3BE3CDC11BDB1B6900541B68 /* FBSDKShareKit.framework */,
			);
			name = Frameworks;
			sourceTree = "<group>";
		};
/* End PBXGroup section */

/* Begin PBXNativeTarget section */
		3BE3CD8C1BDB17AA00541B68 /* FacebookMatchingFriendsSwift */ = {
			isa = PBXNativeTarget;
			buildConfigurationList = 3BE3CDB51BDB17B700541B68 /* Build configuration list for PBXNativeTarget "FacebookMatchingFriendsSwift" */;
			buildPhases = (
				3BE3CD891BDB17AA00541B68 /* Sources */,
				3BE3CD8A1BDB17AA00541B68 /* Frameworks */,
				3BE3CD8B1BDB17AA00541B68 /* Resources */,
			);
			buildRules = (
			);
			dependencies = (
			);
			name = FacebookMatchingFriendsSwift;
			productName = FacebookMatchingFriendsSwift;
			productReference = 3BE3CD8D1BDB17AB00541B68 /* FacebookMatchingFriendsSwift.app */;
			productType = "com.apple.product-type.application";
		};
		3BE3CDA01BDB17B200541B68 /* FacebookMatchingFriendsSwiftTests */ = {
			isa = PBXNativeTarget;
			buildConfigurationList = 3BE3CDB81BDB17B700541B68 /* Build configuration list for PBXNativeTarget "FacebookMatchingFriendsSwiftTests" */;
			buildPhases = (
				3BE3CD9D1BDB17B200541B68 /* Sources */,
				3BE3CD9E1BDB17B200541B68 /* Frameworks */,
				3BE3CD9F1BDB17B200541B68 /* Resources */,
			);
			buildRules = (
			);
			dependencies = (
				3BE3CDA31BDB17B200541B68 /* PBXTargetDependency */,
			);
			name = FacebookMatchingFriendsSwiftTests;
			productName = FacebookMatchingFriendsSwiftTests;
			productReference = 3BE3CDA11BDB17B200541B68 /* FacebookMatchingFriendsSwiftTests.xctest */;
			productType = "com.apple.product-type.bundle.unit-test";
		};
		3BE3CDAB1BDB17B200541B68 /* FacebookMatchingFriendsSwiftUITests */ = {
			isa = PBXNativeTarget;
			buildConfigurationList = 3BE3CDBB1BDB17B700541B68 /* Build configuration list for PBXNativeTarget "FacebookMatchingFriendsSwiftUITests" */;
			buildPhases = (
				3BE3CDA81BDB17B200541B68 /* Sources */,
				3BE3CDA91BDB17B200541B68 /* Frameworks */,
				3BE3CDAA1BDB17B200541B68 /* Resources */,
			);
			buildRules = (
			);
			dependencies = (
				3BE3CDAE1BDB17B200541B68 /* PBXTargetDependency */,
			);
			name = FacebookMatchingFriendsSwiftUITests;
			productName = FacebookMatchingFriendsSwiftUITests;
			productReference = 3BE3CDAC1BDB17B200541B68 /* FacebookMatchingFriendsSwiftUITests.xctest */;
			productType = "com.apple.product-type.bundle.ui-testing";
		};
/* End PBXNativeTarget section */

/* Begin PBXProject section */
		3BE3CD851BDB17A900541B68 /* Project object */ = {
			isa = PBXProject;
			attributes = {
				LastSwiftUpdateCheck = 0710;
				LastUpgradeCheck = 0710;
				ORGANIZATIONNAME = DevWorms;
				TargetAttributes = {
					3BE3CD8C1BDB17AA00541B68 = {
						CreatedOnToolsVersion = 7.1;
					};
					3BE3CDA01BDB17B200541B68 = {
						CreatedOnToolsVersion = 7.1;
						TestTargetID = 3BE3CD8C1BDB17AA00541B68;
					};
					3BE3CDAB1BDB17B200541B68 = {
						CreatedOnToolsVersion = 7.1;
						TestTargetID = 3BE3CD8C1BDB17AA00541B68;
					};
				};
			};
			buildConfigurationList = 3BE3CD881BDB17A900541B68 /* Build configuration list for PBXProject "FacebookMatchingFriendsSwift" */;
			compatibilityVersion = "Xcode 3.2";
			developmentRegion = English;
			hasScannedForEncodings = 0;
			knownRegions = (
				en,
				Base,
			);
			mainGroup = 3BE3CD841BDB17A800541B68;
			productRefGroup = 3BE3CD8E1BDB17AB00541B68 /* Products */;
			projectDirPath = "";
			projectRoot = "";
			targets = (
				3BE3CD8C1BDB17AA00541B68 /* FacebookMatchingFriendsSwift */,
				3BE3CDA01BDB17B200541B68 /* FacebookMatchingFriendsSwiftTests */,
				3BE3CDAB1BDB17B200541B68 /* FacebookMatchingFriendsSwiftUITests */,
			);
		};
/* End PBXProject section */

/* Begin PBXResourcesBuildPhase section */
		3BE3CD8B1BDB17AA00541B68 /* Resources */ = {
			isa = PBXResourcesBuildPhase;
			buildActionMask = 2147483647;
			files = (
				3BE3CD9B1BDB17AE00541B68 /* LaunchScreen.storyboard in Resources */,
				3BE3CD981BDB17AE00541B68 /* Assets.xcassets in Resources */,
				3BE3CD961BDB17AE00541B68 /* Main.storyboard in Resources */,
			);
			runOnlyForDeploymentPostprocessing = 0;
		};
		3BE3CD9F1BDB17B200541B68 /* Resources */ = {
			isa = PBXResourcesBuildPhase;
			buildActionMask = 2147483647;
			files = (
			);
			runOnlyForDeploymentPostprocessing = 0;
		};
		3BE3CDAA1BDB17B200541B68 /* Resources */ = {
			isa = PBXResourcesBuildPhase;
			buildActionMask = 2147483647;
			files = (
			);
			runOnlyForDeploymentPostprocessing = 0;
		};
/* End PBXResourcesBuildPhase section */

/* Begin PBXSourcesBuildPhase section */
		3BE3CD891BDB17AA00541B68 /* Sources */ = {
			isa = PBXSourcesBuildPhase;
			buildActionMask = 2147483647;
			files = (
				3BE3CD931BDB17AC00541B68 /* ViewController.swift in Sources */,
				3BE3CD911BDB17AC00541B68 /* AppDelegate.swift in Sources */,
			);
			runOnlyForDeploymentPostprocessing = 0;
		};
		3BE3CD9D1BDB17B200541B68 /* Sources */ = {
			isa = PBXSourcesBuildPhase;
			buildActionMask = 2147483647;
			files = (
				3BE3CDA61BDB17B200541B68 /* FacebookMatchingFriendsSwiftTests.swift in Sources */,
			);
			runOnlyForDeploymentPostprocessing = 0;
		};
		3BE3CDA81BDB17B200541B68 /* Sources */ = {
			isa = PBXSourcesBuildPhase;
			buildActionMask = 2147483647;
			files = (
				3BE3CDB11BDB17B600541B68 /* FacebookMatchingFriendsSwiftUITests.swift in Sources */,
			);
			runOnlyForDeploymentPostprocessing = 0;
		};
/* End PBXSourcesBuildPhase section */

/* Begin PBXTargetDependency section */
		3BE3CDA31BDB17B200541B68 /* PBXTargetDependency */ = {
			isa = PBXTargetDependency;
			target = 3BE3CD8C1BDB17AA00541B68 /* FacebookMatchingFriendsSwift */;
			targetProxy = 3BE3CDA21BDB17B200541B68 /* PBXContainerItemProxy */;
		};
		3BE3CDAE1BDB17B200541B68 /* PBXTargetDependency */ = {
			isa = PBXTargetDependency;
			target = 3BE3CD8C1BDB17AA00541B68 /* FacebookMatchingFriendsSwift */;
			targetProxy = 3BE3CDAD1BDB17B200541B68 /* PBXContainerItemProxy */;
		};
/* End PBXTargetDependency section */

/* Begin PBXVariantGroup section */
		3BE3CD941BDB17AE00541B68 /* Main.storyboard */ = {
			isa = PBXVariantGroup;
			children = (
				3BE3CD951BDB17AE00541B68 /* Base */,
			);
			name = Main.storyboard;
			sourceTree = "<group>";
		};
		3BE3CD991BDB17AE00541B68 /* LaunchScreen.storyboard */ = {
			isa = PBXVariantGroup;
			children = (
				3BE3CD9A1BDB17AE00541B68 /* Base */,
			);
			name = LaunchScreen.storyboard;
			sourceTree = "<group>";
		};
/* End PBXVariantGroup section */

/* Begin XCBuildConfiguration section */
		3BE3CDB31BDB17B600541B68 /* Debug */ = {
			isa = XCBuildConfiguration;
			buildSettings = {
				ALWAYS_SEARCH_USER_PATHS = NO;
				CLANG_CXX_LANGUAGE_STANDARD = "gnu++0x";
				CLANG_CXX_LIBRARY = "libc++";
				CLANG_ENABLE_MODULES = YES;
				CLANG_ENABLE_OBJC_ARC = YES;
				CLANG_WARN_BOOL_CONVERSION = YES;
				CLANG_WARN_CONSTANT_CONVERSION = YES;
				CLANG_WARN_DIRECT_OBJC_ISA_USAGE = YES_ERROR;
				CLANG_WARN_EMPTY_BODY = YES;
				CLANG_WARN_ENUM_CONVERSION = YES;
				CLANG_WARN_INT_CONVERSION = YES;
				CLANG_WARN_OBJC_ROOT_CLASS = YES_ERROR;
				CLANG_WARN_UNREACHABLE_CODE = YES;
				CLANG_WARN__DUPLICATE_METHOD_MATCH = YES;
				"CODE_SIGN_IDENTITY[sdk=iphoneos*]" = "iPhone Developer";
				COPY_PHASE_STRIP = NO;
				DEBUG_INFORMATION_FORMAT = dwarf;
				ENABLE_STRICT_OBJC_MSGSEND = YES;
				ENABLE_TESTABILITY = YES;
				GCC_C_LANGUAGE_STANDARD = gnu99;
				GCC_DYNAMIC_NO_PIC = NO;
				GCC_NO_COMMON_BLOCKS = YES;
				GCC_OPTIMIZATION_LEVEL = 0;
				GCC_PREPROCESSOR_DEFINITIONS = (
					"DEBUG=1",
					"$(inherited)",
				);
				GCC_WARN_64_TO_32_BIT_CONVERSION = YES;
				GCC_WARN_ABOUT_RETURN_TYPE = YES_ERROR;
				GCC_WARN_UNDECLARED_SELECTOR = YES;
				GCC_WARN_UNINITIALIZED_AUTOS = YES_AGGRESSIVE;
				GCC_WARN_UNUSED_FUNCTION = YES;
				GCC_WARN_UNUSED_VARIABLE = YES;
				IPHONEOS_DEPLOYMENT_TARGET = 9.1;
				MTL_ENABLE_DEBUG_INFO = YES;
				ONLY_ACTIVE_ARCH = YES;
				SDKROOT = iphoneos;
				SWIFT_OPTIMIZATION_LEVEL = "-Onone";
			};
			name = Debug;
		};
		3BE3CDB41BDB17B600541B68 /* Release */ = {
			isa = XCBuildConfiguration;
			buildSettings = {
				ALWAYS_SEARCH_USER_PATHS = NO;
				CLANG_CXX_LANGUAGE_STANDARD = "gnu++0x";
				CLANG_CXX_LIBRARY = "libc++";
				CLANG_ENABLE_MODULES = YES;
				CLANG_ENABLE_OBJC_ARC = YES;
				CLANG_WARN_BOOL_CONVERSION = YES;
				CLANG_WARN_CONSTANT_CONVERSION = YES;
				CLANG_WARN_DIRECT_OBJC_ISA_USAGE = YES_ERROR;
				CLANG_WARN_EMPTY_BODY = YES;
				CLANG_WARN_ENUM_CONVERSION = YES;
				CLANG_WARN_INT_CONVERSION = YES;
				CLANG_WARN_OBJC_ROOT_CLASS = YES_ERROR;
				CLANG_WARN_UNREACHABLE_CODE = YES;
				CLANG_WARN__DUPLICATE_METHOD_MATCH = YES;
				"CODE_SIGN_IDENTITY[sdk=iphoneos*]" = "iPhone Developer";
				COPY_PHASE_STRIP = NO;
				DEBUG_INFORMATION_FORMAT = "dwarf-with-dsym";
				ENABLE_NS_ASSERTIONS = NO;
				ENABLE_STRICT_OBJC_MSGSEND = YES;
				GCC_C_LANGUAGE_STANDARD = gnu99;
				GCC_NO_COMMON_BLOCKS = YES;
				GCC_WARN_64_TO_32_BIT_CONVERSION = YES;
				GCC_WARN_ABOUT_RETURN_TYPE = YES_ERROR;
				GCC_WARN_UNDECLARED_SELECTOR = YES;
				GCC_WARN_UNINITIALIZED_AUTOS = YES_AGGRESSIVE;
				GCC_WARN_UNUSED_FUNCTION = YES;
				GCC_WARN_UNUSED_VARIABLE = YES;
				IPHONEOS_DEPLOYMENT_TARGET = 9.1;
				MTL_ENABLE_DEBUG_INFO = NO;
				SDKROOT = iphoneos;
				VALIDATE_PRODUCT = YES;
			};
			name = Release;
		};
		3BE3CDB61BDB17B700541B68 /* Debug */ = {
			isa = XCBuildConfiguration;
			buildSettings = {
				ASSETCATALOG_COMPILER_APPICON_NAME = AppIcon;
				FRAMEWORK_SEARCH_PATHS = (
					"$(inherited)",
					"$(PROJECT_DIR)",
				);
				INFOPLIST_FILE = FacebookMatchingFriendsSwift/Info.plist;
				LD_RUNPATH_SEARCH_PATHS = "$(inherited) @executable_path/Frameworks";
				PRODUCT_BUNDLE_IDENTIFIER = com.devworms.FacebookMatchingFriendsSwift;
				PRODUCT_NAME = "$(TARGET_NAME)";
			};
			name = Debug;
		};
		3BE3CDB71BDB17B700541B68 /* Release */ = {
			isa = XCBuildConfiguration;
			buildSettings = {
				ASSETCATALOG_COMPILER_APPICON_NAME = AppIcon;
				FRAMEWORK_SEARCH_PATHS = (
					"$(inherited)",
					"$(PROJECT_DIR)",
				);
				INFOPLIST_FILE = FacebookMatchingFriendsSwift/Info.plist;
				LD_RUNPATH_SEARCH_PATHS = "$(inherited) @executable_path/Frameworks";
				PRODUCT_BUNDLE_IDENTIFIER = com.devworms.FacebookMatchingFriendsSwift;
				PRODUCT_NAME = "$(TARGET_NAME)";
			};
			name = Release;
		};
		3BE3CDB91BDB17B700541B68 /* Debug */ = {
			isa = XCBuildConfiguration;
			buildSettings = {
				BUNDLE_LOADER = "$(TEST_HOST)";
				INFOPLIST_FILE = FacebookMatchingFriendsSwiftTests/Info.plist;
				LD_RUNPATH_SEARCH_PATHS = "$(inherited) @executable_path/Frameworks @loader_path/Frameworks";
				PRODUCT_BUNDLE_IDENTIFIER = com.devworms.FacebookMatchingFriendsSwiftTests;
				PRODUCT_NAME = "$(TARGET_NAME)";
				TEST_HOST = "$(BUILT_PRODUCTS_DIR)/FacebookMatchingFriendsSwift.app/FacebookMatchingFriendsSwift";
			};
			name = Debug;
		};
		3BE3CDBA1BDB17B700541B68 /* Release */ = {
			isa = XCBuildConfiguration;
			buildSettings = {
				BUNDLE_LOADER = "$(TEST_HOST)";
				INFOPLIST_FILE = FacebookMatchingFriendsSwiftTests/Info.plist;
				LD_RUNPATH_SEARCH_PATHS = "$(inherited) @executable_path/Frameworks @loader_path/Frameworks";
				PRODUCT_BUNDLE_IDENTIFIER = com.devworms.FacebookMatchingFriendsSwiftTests;
				PRODUCT_NAME = "$(TARGET_NAME)";
				TEST_HOST = "$(BUILT_PRODUCTS_DIR)/FacebookMatchingFriendsSwift.app/FacebookMatchingFriendsSwift";
			};
			name = Release;
		};
		3BE3CDBC1BDB17B700541B68 /* Debug */ = {
			isa = XCBuildConfiguration;
			buildSettings = {
				INFOPLIST_FILE = FacebookMatchingFriendsSwiftUITests/Info.plist;
				LD_RUNPATH_SEARCH_PATHS = "$(inherited) @executable_path/Frameworks @loader_path/Frameworks";
				PRODUCT_BUNDLE_IDENTIFIER = com.devworms.FacebookMatchingFriendsSwiftUITests;
				PRODUCT_NAME = "$(TARGET_NAME)";
				TEST_TARGET_NAME = FacebookMatchingFriendsSwift;
				USES_XCTRUNNER = YES;
			};
			name = Debug;
		};
		3BE3CDBD1BDB17B700541B68 /* Release */ = {
			isa = XCBuildConfiguration;
			buildSettings = {
				INFOPLIST_FILE = FacebookMatchingFriendsSwiftUITests/Info.plist;
				LD_RUNPATH_SEARCH_PATHS = "$(inherited) @executable_path/Frameworks @loader_path/Frameworks";
				PRODUCT_BUNDLE_IDENTIFIER = com.devworms.FacebookMatchingFriendsSwiftUITests;
				PRODUCT_NAME = "$(TARGET_NAME)";
				TEST_TARGET_NAME = FacebookMatchingFriendsSwift;
				USES_XCTRUNNER = YES;
			};
			name = Release;
		};
/* End XCBuildConfiguration section */

/* Begin XCConfigurationList section */
		3BE3CD881BDB17A900541B68 /* Build configuration list for PBXProject "FacebookMatchingFriendsSwift" */ = {
			isa = XCConfigurationList;
			buildConfigurations = (
				3BE3CDB31BDB17B600541B68 /* Debug */,
				3BE3CDB41BDB17B600541B68 /* Release */,
			);
			defaultConfigurationIsVisible = 0;
			defaultConfigurationName = Release;
		};
		3BE3CDB51BDB17B700541B68 /* Build configuration list for PBXNativeTarget "FacebookMatchingFriendsSwift" */ = {
			isa = XCConfigurationList;
			buildConfigurations = (
				3BE3CDB61BDB17B700541B68 /* Debug */,
				3BE3CDB71BDB17B700541B68 /* Release */,
			);
			defaultConfigurationIsVisible = 0;
		};
		3BE3CDB81BDB17B700541B68 /* Build configuration list for PBXNativeTarget "FacebookMatchingFriendsSwiftTests" */ = {
			isa = XCConfigurationList;
			buildConfigurations = (
				3BE3CDB91BDB17B700541B68 /* Debug */,
				3BE3CDBA1BDB17B700541B68 /* Release */,
			);
			defaultConfigurationIsVisible = 0;
		};
		3BE3CDBB1BDB17B700541B68 /* Build configuration list for PBXNativeTarget "FacebookMatchingFriendsSwiftUITests" */ = {
			isa = XCConfigurationList;
			buildConfigurations = (
				3BE3CDBC1BDB17B700541B68 /* Debug */,
				3BE3CDBD1BDB17B700541B68 /* Release */,
			);
			defaultConfigurationIsVisible = 0;
		};
/* End XCConfigurationList section */
	};
	rootObject = 3BE3CD851BDB17A900541B68 /* Project object */;
}
